# This file is automatically @generated by Poetry 1.7.1 and should not be changed by hand.

[[package]]
name = "asgiref"
version = "3.8.1"
description = "ASGI specs, helper code, and adapters"
optional = false
python-versions = ">=3.8"
files = [
    {file = "asgiref-3.8.1-py3-none-any.whl", hash = "sha256:3e1e3ecc849832fe52ccf2cb6686b7a55f82bb1d6aee72a58826471390335e47"},
    {file = "asgiref-3.8.1.tar.gz", hash = "sha256:c343bd80a0bec947a9860adb4c432ffa7db769836c64238fc34bdc3fec84d590"},
]

[package.extras]
tests = ["mypy (>=0.800)", "pytest", "pytest-asyncio"]

[[package]]
name = "click"
version = "8.1.7"
description = "Composable command line interface toolkit"
optional = false
python-versions = ">=3.7"
files = [
    {file = "click-8.1.7-py3-none-any.whl", hash = "sha256:ae74fb96c20a0277a1d615f1e4d73c8414f5a98db8b799a7931d1582f3390c28"},
    {file = "click-8.1.7.tar.gz", hash = "sha256:ca9853ad459e787e2192211578cc907e7594e294c7ccc834310722b41b9ca6de"},
]

[package.dependencies]
colorama = {version = "*", markers = "platform_system == \"Windows\""}

[[package]]
name = "colorama"
version = "0.4.6"
description = "Cross-platform colored terminal text."
optional = false
python-versions = "!=3.0.*,!=3.1.*,!=3.2.*,!=3.3.*,!=3.4.*,!=3.5.*,!=3.6.*,>=2.7"
files = [
    {file = "colorama-0.4.6-py2.py3-none-any.whl", hash = "sha256:4f1d9991f5acc0ca119f9d443620b77f9d6b33703e51011c16baf57afb285fc6"},
    {file = "colorama-0.4.6.tar.gz", hash = "sha256:08695f5cb7ed6e0531a20572697297273c47b8cae5a63ffc6d6ed5c201be6e44"},
]

[[package]]
name = "fastapi"
version = "0.68.2"
description = "FastAPI framework, high performance, easy to learn, fast to code, ready for production"
optional = false
python-versions = ">=3.6.1"
files = [
    {file = "fastapi-0.68.2-py3-none-any.whl", hash = "sha256:36bcdd3dbea87c586061005e4a40b9bd0145afd766655b4e0ec1d8870b32555c"},
    {file = "fastapi-0.68.2.tar.gz", hash = "sha256:38526fc46bda73f7ec92033952677323c16061e70a91d15c95f18b11895da494"},
]

[package.dependencies]
pydantic = ">=1.6.2,<1.7 || >1.7,<1.7.1 || >1.7.1,<1.7.2 || >1.7.2,<1.7.3 || >1.7.3,<1.8 || >1.8,<1.8.1 || >1.8.1,<2.0.0"
starlette = "0.14.2"

[package.extras]
all = ["aiofiles (>=0.5.0,<0.8.0)", "async_exit_stack (>=1.0.1,<2.0.0)", "async_generator (>=1.10,<2.0.0)", "email_validator (>=1.1.1,<2.0.0)", "graphene (>=2.1.8,<3.0.0)", "itsdangerous (>=1.1.0,<2.0.0)", "jinja2 (>=2.11.2,<3.0.0)", "orjson (>=3.2.1,<4.0.0)", "python-multipart (>=0.0.5,<0.0.6)", "pyyaml (>=5.3.1,<6.0.0)", "requests (>=2.24.0,<3.0.0)", "ujson (>=4.0.1,<5.0.0)", "uvicorn[standard] (>=0.12.0,<0.16.0)"]
dev = ["autoflake (>=1.4.0,<2.0.0)", "flake8 (>=3.8.3,<4.0.0)", "graphene (>=2.1.8,<3.0.0)", "passlib[bcrypt] (>=1.7.2,<2.0.0)", "python-jose[cryptography] (>=3.3.0,<4.0.0)", "uvicorn[standard] (>=0.12.0,<0.16.0)"]
doc = ["mdx-include (>=1.4.1,<2.0.0)", "mkdocs (>=1.1.2,<2.0.0)", "mkdocs-markdownextradata-plugin (>=0.1.7,<0.3.0)", "mkdocs-material (>=7.1.9,<8.0.0)", "pyyaml (>=5.3.1,<6.0.0)", "typer-cli (>=0.0.12,<0.0.13)"]
test = ["aiofiles (>=0.5.0,<0.8.0)", "async_exit_stack (>=1.0.1,<2.0.0)", "async_generator (>=1.10,<2.0.0)", "black (==21.9b0)", "databases[sqlite] (>=0.3.2,<0.6.0)", "email_validator (>=1.1.1,<2.0.0)", "flake8 (>=3.8.3,<4.0.0)", "flask (>=1.1.2,<2.0.0)", "httpx (>=0.14.0,<0.19.0)", "isort (>=5.0.6,<6.0.0)", "mypy (==0.910)", "orjson (>=3.2.1,<4.0.0)", "peewee (>=3.13.3,<4.0.0)", "pytest (>=6.2.4,<7.0.0)", "pytest-asyncio (>=0.14.0,<0.16.0)", "pytest-cov (>=2.12.0,<4.0.0)", "python-multipart (>=0.0.5,<0.0.6)", "requests (>=2.24.0,<3.0.0)", "sqlalchemy (>=1.3.18,<1.5.0)", "types-dataclasses (==0.1.7)", "types-orjson (==3.6.0)", "types-ujson (==0.1.1)", "ujson (>=4.0.1,<5.0.0)"]

[[package]]
name = "h11"
version = "0.14.0"
description = "A pure-Python, bring-your-own-I/O implementation of HTTP/1.1"
optional = false
python-versions = ">=3.7"
files = [
    {file = "h11-0.14.0-py3-none-any.whl", hash = "sha256:e3fe4ac4b851c468cc8363d500db52c2ead036020723024a109d37346efaa761"},
    {file = "h11-0.14.0.tar.gz", hash = "sha256:8f19fbbe99e72420ff35c00b27a34cb9937e902a8b810e2c88300c6f0a3b699d"},
]

[[package]]
name = "pydantic"
version = "1.10.18"
description = "Data validation and settings management using python type hints"
optional = false
python-versions = ">=3.7"
files = [
    {file = "pydantic-1.10.18-cp310-cp310-macosx_10_9_x86_64.whl", hash = "sha256:e405ffcc1254d76bb0e760db101ee8916b620893e6edfbfee563b3c6f7a67c02"},
    {file = "pydantic-1.10.18-cp310-cp310-macosx_11_0_arm64.whl", hash = "sha256:e306e280ebebc65040034bff1a0a81fd86b2f4f05daac0131f29541cafd80b80"},
    {file = "pydantic-1.10.18-cp310-cp310-manylinux_2_17_x86_64.manylinux2014_x86_64.whl", hash = "sha256:11d9d9b87b50338b1b7de4ebf34fd29fdb0d219dc07ade29effc74d3d2609c62"},
    {file = "pydantic-1.10.18-cp310-cp310-manylinux_2_5_i686.manylinux1_i686.manylinux_2_17_i686.manylinux2014_i686.whl", hash = "sha256:b661ce52c7b5e5f600c0c3c5839e71918346af2ef20062705ae76b5c16914cab"},
    {file = "pydantic-1.10.18-cp310-cp310-musllinux_1_1_i686.whl", hash = "sha256:c20f682defc9ef81cd7eaa485879ab29a86a0ba58acf669a78ed868e72bb89e0"},
    {file = "pydantic-1.10.18-cp310-cp310-musllinux_1_1_x86_64.whl", hash = "sha256:c5ae6b7c8483b1e0bf59e5f1843e4fd8fd405e11df7de217ee65b98eb5462861"},
    {file = "pydantic-1.10.18-cp310-cp310-win_amd64.whl", hash = "sha256:74fe19dda960b193b0eb82c1f4d2c8e5e26918d9cda858cbf3f41dd28549cb70"},
    {file = "pydantic-1.10.18-cp311-cp311-macosx_10_9_x86_64.whl", hash = "sha256:72fa46abace0a7743cc697dbb830a41ee84c9db8456e8d77a46d79b537efd7ec"},
    {file = "pydantic-1.10.18-cp311-cp311-macosx_11_0_arm64.whl", hash = "sha256:ef0fe7ad7cbdb5f372463d42e6ed4ca9c443a52ce544472d8842a0576d830da5"},
    {file = "pydantic-1.10.18-cp311-cp311-manylinux_2_17_x86_64.manylinux2014_x86_64.whl", hash = "sha256:a00e63104346145389b8e8f500bc6a241e729feaf0559b88b8aa513dd2065481"},
    {file = "pydantic-1.10.18-cp311-cp311-manylinux_2_5_i686.manylinux1_i686.manylinux_2_17_i686.manylinux2014_i686.whl", hash = "sha256:ae6fa2008e1443c46b7b3a5eb03800121868d5ab6bc7cda20b5df3e133cde8b3"},
    {file = "pydantic-1.10.18-cp311-cp311-musllinux_1_1_i686.whl", hash = "sha256:9f463abafdc92635da4b38807f5b9972276be7c8c5121989768549fceb8d2588"},
    {file = "pydantic-1.10.18-cp311-cp311-musllinux_1_1_x86_64.whl", hash = "sha256:3445426da503c7e40baccefb2b2989a0c5ce6b163679dd75f55493b460f05a8f"},
    {file = "pydantic-1.10.18-cp311-cp311-win_amd64.whl", hash = "sha256:467a14ee2183bc9c902579bb2f04c3d3dac00eff52e252850509a562255b2a33"},
    {file = "pydantic-1.10.18-cp312-cp312-macosx_10_9_x86_64.whl", hash = "sha256:efbc8a7f9cb5fe26122acba1852d8dcd1e125e723727c59dcd244da7bdaa54f2"},
    {file = "pydantic-1.10.18-cp312-cp312-macosx_11_0_arm64.whl", hash = "sha256:24a4a159d0f7a8e26bf6463b0d3d60871d6a52eac5bb6a07a7df85c806f4c048"},
    {file = "pydantic-1.10.18-cp312-cp312-manylinux_2_17_x86_64.manylinux2014_x86_64.whl", hash = "sha256:b74be007703547dc52e3c37344d130a7bfacca7df112a9e5ceeb840a9ce195c7"},
    {file = "pydantic-1.10.18-cp312-cp312-manylinux_2_5_i686.manylinux1_i686.manylinux_2_17_i686.manylinux2014_i686.whl", hash = "sha256:fcb20d4cb355195c75000a49bb4a31d75e4295200df620f454bbc6bdf60ca890"},
    {file = "pydantic-1.10.18-cp312-cp312-musllinux_1_1_i686.whl", hash = "sha256:46f379b8cb8a3585e3f61bf9ae7d606c70d133943f339d38b76e041ec234953f"},
    {file = "pydantic-1.10.18-cp312-cp312-musllinux_1_1_x86_64.whl", hash = "sha256:cbfbca662ed3729204090c4d09ee4beeecc1a7ecba5a159a94b5a4eb24e3759a"},
    {file = "pydantic-1.10.18-cp312-cp312-win_amd64.whl", hash = "sha256:c6d0a9f9eccaf7f438671a64acf654ef0d045466e63f9f68a579e2383b63f357"},
    {file = "pydantic-1.10.18-cp37-cp37m-macosx_10_9_x86_64.whl", hash = "sha256:3d5492dbf953d7d849751917e3b2433fb26010d977aa7a0765c37425a4026ff1"},
    {file = "pydantic-1.10.18-cp37-cp37m-manylinux_2_17_x86_64.manylinux2014_x86_64.whl", hash = "sha256:fe734914977eed33033b70bfc097e1baaffb589517863955430bf2e0846ac30f"},
    {file = "pydantic-1.10.18-cp37-cp37m-manylinux_2_5_i686.manylinux1_i686.manylinux_2_17_i686.manylinux2014_i686.whl", hash = "sha256:15fdbe568beaca9aacfccd5ceadfb5f1a235087a127e8af5e48df9d8a45ae85c"},
    {file = "pydantic-1.10.18-cp37-cp37m-musllinux_1_1_i686.whl", hash = "sha256:c3e742f62198c9eb9201781fbebe64533a3bbf6a76a91b8d438d62b813079dbc"},
    {file = "pydantic-1.10.18-cp37-cp37m-musllinux_1_1_x86_64.whl", hash = "sha256:19a3bd00b9dafc2cd7250d94d5b578edf7a0bd7daf102617153ff9a8fa37871c"},
    {file = "pydantic-1.10.18-cp37-cp37m-win_amd64.whl", hash = "sha256:2ce3fcf75b2bae99aa31bd4968de0474ebe8c8258a0110903478bd83dfee4e3b"},
    {file = "pydantic-1.10.18-cp38-cp38-macosx_10_9_x86_64.whl", hash = "sha256:335a32d72c51a313b33fa3a9b0fe283503272ef6467910338e123f90925f0f03"},
    {file = "pydantic-1.10.18-cp38-cp38-macosx_11_0_arm64.whl", hash = "sha256:34a3613c7edb8c6fa578e58e9abe3c0f5e7430e0fc34a65a415a1683b9c32d9a"},
    {file = "pydantic-1.10.18-cp38-cp38-manylinux_2_17_x86_64.manylinux2014_x86_64.whl", hash = "sha256:e9ee4e6ca1d9616797fa2e9c0bfb8815912c7d67aca96f77428e316741082a1b"},
    {file = "pydantic-1.10.18-cp38-cp38-manylinux_2_5_i686.manylinux1_i686.manylinux_2_17_i686.manylinux2014_i686.whl", hash = "sha256:23e8ec1ce4e57b4f441fc91e3c12adba023fedd06868445a5b5f1d48f0ab3682"},
    {file = "pydantic-1.10.18-cp38-cp38-musllinux_1_1_i686.whl", hash = "sha256:44ae8a3e35a54d2e8fa88ed65e1b08967a9ef8c320819a969bfa09ce5528fafe"},
    {file = "pydantic-1.10.18-cp38-cp38-musllinux_1_1_x86_64.whl", hash = "sha256:d5389eb3b48a72da28c6e061a247ab224381435256eb541e175798483368fdd3"},
    {file = "pydantic-1.10.18-cp38-cp38-win_amd64.whl", hash = "sha256:069b9c9fc645474d5ea3653788b544a9e0ccd3dca3ad8c900c4c6eac844b4620"},
    {file = "pydantic-1.10.18-cp39-cp39-macosx_10_9_x86_64.whl", hash = "sha256:80b982d42515632eb51f60fa1d217dfe0729f008e81a82d1544cc392e0a50ddf"},
    {file = "pydantic-1.10.18-cp39-cp39-macosx_11_0_arm64.whl", hash = "sha256:aad8771ec8dbf9139b01b56f66386537c6fe4e76c8f7a47c10261b69ad25c2c9"},
    {file = "pydantic-1.10.18-cp39-cp39-manylinux_2_17_x86_64.manylinux2014_x86_64.whl", hash = "sha256:941a2eb0a1509bd7f31e355912eb33b698eb0051730b2eaf9e70e2e1589cae1d"},
    {file = "pydantic-1.10.18-cp39-cp39-manylinux_2_5_i686.manylinux1_i686.manylinux_2_17_i686.manylinux2014_i686.whl", hash = "sha256:65f7361a09b07915a98efd17fdec23103307a54db2000bb92095457ca758d485"},
    {file = "pydantic-1.10.18-cp39-cp39-musllinux_1_1_i686.whl", hash = "sha256:6951f3f47cb5ca4da536ab161ac0163cab31417d20c54c6de5ddcab8bc813c3f"},
    {file = "pydantic-1.10.18-cp39-cp39-musllinux_1_1_x86_64.whl", hash = "sha256:7a4c5eec138a9b52c67f664c7d51d4c7234c5ad65dd8aacd919fb47445a62c86"},
    {file = "pydantic-1.10.18-cp39-cp39-win_amd64.whl", hash = "sha256:49e26c51ca854286bffc22b69787a8d4063a62bf7d83dc21d44d2ff426108518"},
    {file = "pydantic-1.10.18-py3-none-any.whl", hash = "sha256:06a189b81ffc52746ec9c8c007f16e5167c8b0a696e1a726369327e3db7b2a82"},
    {file = "pydantic-1.10.18.tar.gz", hash = "sha256:baebdff1907d1d96a139c25136a9bb7d17e118f133a76a2ef3b845e831e3403a"},
]

[package.dependencies]
typing-extensions = ">=4.2.0"

[package.extras]
dotenv = ["python-dotenv (>=0.10.4)"]
email = ["email-validator (>=1.0.3)"]

[[package]]
name = "starlette"
version = "0.14.2"
description = "The little ASGI library that shines."
optional = false
python-versions = ">=3.6"
files = [
    {file = "starlette-0.14.2-py3-none-any.whl", hash = "sha256:3c8e48e52736b3161e34c9f0e8153b4f32ec5d8995a3ee1d59410d92f75162ed"},
    {file = "starlette-0.14.2.tar.gz", hash = "sha256:7d49f4a27f8742262ef1470608c59ddbc66baf37c148e938c7038e6bc7a998aa"},
]

[package.extras]
full = ["aiofiles", "graphene", "itsdangerous", "jinja2", "python-multipart", "pyyaml", "requests"]

[[package]]
name = "typing-extensions"
version = "4.12.2"
description = "Backported and Experimental Type Hints for Python 3.8+"
optional = false
python-versions = ">=3.8"
files = [
    {file = "typing_extensions-4.12.2-py3-none-any.whl", hash = "sha256:04e5ca0351e0f3f85c6853954072df659d0d13fac324d0072316b67d7794700d"},
    {file = "typing_extensions-4.12.2.tar.gz", hash = "sha256:1a7ead55c7e559dd4dee8856e3a88b41225abfe1ce8df57b7c13915fe121ffb8"},
]

[[package]]
name = "uvicorn"
version = "0.15.0"
description = "The lightning-fast ASGI server."
optional = false
python-versions = "*"
files = [
    {file = "uvicorn-0.15.0-py3-none-any.whl", hash = "sha256:17f898c64c71a2640514d4089da2689e5db1ce5d4086c2d53699bf99513421c1"},
    {file = "uvicorn-0.15.0.tar.gz", hash = "sha256:d9a3c0dd1ca86728d3e235182683b4cf94cd53a867c288eaeca80ee781b2caff"},
]

[package.dependencies]
asgiref = ">=3.4.0"
click = ">=7.0"
h11 = ">=0.8"

[package.extras]
standard = ["PyYAML (>=5.1)", "colorama (>=0.4)", "httptools (==0.2.*)", "python-dotenv (>=0.13)", "uvloop (>=0.14.0,!=0.15.0,!=0.15.1)", "watchgod (>=0.6)", "websockets (>=9.1)"]

[metadata]
lock-version = "2.0"
python-versions = "^3.12"
content-hash = "13d566dce3a65b0a1cf2221d64dbc64e11946778686038defaec4b8bf5bbb8b7"
